
Microsoft Visual Studio Solution File, Format Version 12.00
# Visual Studio Version 17
VisualStudioVersion = 17.7.34031.279
MinimumVisualStudioVersion = 10.0.40219.1
Project("{9A19103F-16F7-4668-BE54-9A1E7A4F7556}") = "Server", "Eventit\Server.csproj", "{A9D44D9A-C261-405E-B47F-46599DF4386C}"
EndProject
Global
	GlobalSection(SolutionConfigurationPlatforms) = preSolution
		Debug|Any CPU = Debug|Any CPU
		Release|Any CPU = Release|Any CPU
	EndGlobalSection
	GlobalSection(ProjectConfigurationPlatforms) = postSolution
		{A9D44D9A-C261-405E-B47F-46599DF4386C}.Debug|Any CPU.ActiveCfg = Debug|Any CPU
		{A9D44D9A-C261-405E-B47F-46599DF4386C}.Debug|Any CPU.Build.0 = Debug|Any CPU
		{A9D44D9A-C261-405E-B47F-46599DF4386C}.Release|Any CPU.ActiveCfg = Release|Any CPU
		{A9D44D9A-C261-405E-B47F-46599DF4386C}.Release|Any CPU.Build.0 = Release|Any CPU
	EndGlobalSection
	GlobalSection(SolutionProperties) = preSolution
		HideSolutionNode = FALSE
	EndGlobalSection
	GlobalSection(ExtensibilityGlobals) = postSolution
		SolutionGuid = {7A0EAD2F-8183-49DE-8D59-070E51DF9253}
	EndGlobalSection
EndGlobal
